
Microsoft Visual Studio Solution File, Format Version 12.00
# Visual Studio Version 17
VisualStudioVersion = 17.1.32210.238
MinimumVisualStudioVersion = 10.0.40219.1
Project("{FAE04EC0-301F-11D3-BF4B-00C04F79EFBC}") = "ListBoxDemoWinApp", "ListBoxDemoWinApp\ListBoxDemoWinApp.csproj", "{D167A3B3-C0C8-446D-B5B8-9C1CDB809119}"
EndProject
Global
	GlobalSection(SolutionConfigurationPlatforms) = preSolution
		Debug|Any CPU = Debug|Any CPU
		Release|Any CPU = Release|Any CPU
	EndGlobalSection
	GlobalSection(ProjectConfigurationPlatforms) = postSolution
		{D167A3B3-C0C8-446D-B5B8-9C1CDB809119}.Debug|Any CPU.ActiveCfg = Debug|Any CPU
		{D167A3B3-C0C8-446D-B5B8-9C1CDB809119}.Debug|Any CPU.Build.0 = Debug|Any CPU
		{D167A3B3-C0C8-446D-B5B8-9C1CDB809119}.Release|Any CPU.ActiveCfg = Release|Any CPU
		{D167A3B3-C0C8-446D-B5B8-9C1CDB809119}.Release|Any CPU.Build.0 = Release|Any CPU
	EndGlobalSection
	GlobalSection(SolutionProperties) = preSolution
		HideSolutionNode = FALSE
	EndGlobalSection
	GlobalSection(ExtensibilityGlobals) = postSolution
		SolutionGuid = {94505EFE-6AF8-4FB4-9C38-9D11BCC25521}
	EndGlobalSection
EndGlobal
