
Microsoft Visual Studio Solution File, Format Version 12.00
# Visual Studio Version 17
VisualStudioVersion = 17.1.32319.34
MinimumVisualStudioVersion = 10.0.40219.1
Project("{FAE04EC0-301F-11D3-BF4B-00C04F79EFBC}") = "TextBoxMobileWinApp", "TextBoxMobileWinApp\TextBoxMobileWinApp.csproj", "{1E2CC8F3-1596-4221-A2FE-42E7BD270736}"
EndProject
Global
	GlobalSection(SolutionConfigurationPlatforms) = preSolution
		Debug|Any CPU = Debug|Any CPU
		Release|Any CPU = Release|Any CPU
	EndGlobalSection
	GlobalSection(ProjectConfigurationPlatforms) = postSolution
		{1E2CC8F3-1596-4221-A2FE-42E7BD270736}.Debug|Any CPU.ActiveCfg = Debug|Any CPU
		{1E2CC8F3-1596-4221-A2FE-42E7BD270736}.Debug|Any CPU.Build.0 = Debug|Any CPU
		{1E2CC8F3-1596-4221-A2FE-42E7BD270736}.Release|Any CPU.ActiveCfg = Release|Any CPU
		{1E2CC8F3-1596-4221-A2FE-42E7BD270736}.Release|Any CPU.Build.0 = Release|Any CPU
	EndGlobalSection
	GlobalSection(SolutionProperties) = preSolution
		HideSolutionNode = FALSE
	EndGlobalSection
	GlobalSection(ExtensibilityGlobals) = postSolution
		SolutionGuid = {A966C786-EB25-4599-A810-5449AE497F00}
	EndGlobalSection
EndGlobal
