
Microsoft Visual Studio Solution File, Format Version 12.00
# Visual Studio Version 17
VisualStudioVersion = 17.1.32210.238
MinimumVisualStudioVersion = 10.0.40219.1
Project("{FAE04EC0-301F-11D3-BF4B-00C04F79EFBC}") = "LoginAndSignupDemoWinApp", "LoginAndSignupDemoWinApp\LoginAndSignupDemoWinApp.csproj", "{8933C27C-941C-45D6-A41C-205866E1E4A4}"
EndProject
Global
	GlobalSection(SolutionConfigurationPlatforms) = preSolution
		Debug|Any CPU = Debug|Any CPU
		Release|Any CPU = Release|Any CPU
	EndGlobalSection
	GlobalSection(ProjectConfigurationPlatforms) = postSolution
		{8933C27C-941C-45D6-A41C-205866E1E4A4}.Debug|Any CPU.ActiveCfg = Debug|Any CPU
		{8933C27C-941C-45D6-A41C-205866E1E4A4}.Debug|Any CPU.Build.0 = Debug|Any CPU
		{8933C27C-941C-45D6-A41C-205866E1E4A4}.Release|Any CPU.ActiveCfg = Release|Any CPU
		{8933C27C-941C-45D6-A41C-205866E1E4A4}.Release|Any CPU.Build.0 = Release|Any CPU
	EndGlobalSection
	GlobalSection(SolutionProperties) = preSolution
		HideSolutionNode = FALSE
	EndGlobalSection
	GlobalSection(ExtensibilityGlobals) = postSolution
		SolutionGuid = {1EE8289D-CFC9-4D84-80B3-DB48CF8C160C}
	EndGlobalSection
EndGlobal
