
Microsoft Visual Studio Solution File, Format Version 12.00
# Visual Studio Version 17
VisualStudioVersion = 17.1.32210.238
MinimumVisualStudioVersion = 10.0.40219.1
Project("{FAE04EC0-301F-11D3-BF4B-00C04F79EFBC}") = "TimerDemoWinApp", "TimerDemoWinApp\TimerDemoWinApp.csproj", "{F7037DCD-EDF8-4911-9B2B-F2CD556E3066}"
EndProject
Global
	GlobalSection(SolutionConfigurationPlatforms) = preSolution
		Debug|Any CPU = Debug|Any CPU
		Release|Any CPU = Release|Any CPU
	EndGlobalSection
	GlobalSection(ProjectConfigurationPlatforms) = postSolution
		{F7037DCD-EDF8-4911-9B2B-F2CD556E3066}.Debug|Any CPU.ActiveCfg = Debug|Any CPU
		{F7037DCD-EDF8-4911-9B2B-F2CD556E3066}.Debug|Any CPU.Build.0 = Debug|Any CPU
		{F7037DCD-EDF8-4911-9B2B-F2CD556E3066}.Release|Any CPU.ActiveCfg = Release|Any CPU
		{F7037DCD-EDF8-4911-9B2B-F2CD556E3066}.Release|Any CPU.Build.0 = Release|Any CPU
	EndGlobalSection
	GlobalSection(SolutionProperties) = preSolution
		HideSolutionNode = FALSE
	EndGlobalSection
	GlobalSection(ExtensibilityGlobals) = postSolution
		SolutionGuid = {CA8B2AB9-3744-4BAF-AC84-3806D31A5CCE}
	EndGlobalSection
EndGlobal
