
Microsoft Visual Studio Solution File, Format Version 12.00
# Visual Studio Version 17
VisualStudioVersion = 17.1.32210.238
MinimumVisualStudioVersion = 10.0.40219.1
Project("{FAE04EC0-301F-11D3-BF4B-00C04F79EFBC}") = "ToolTipDemoWinApp", "ToolTipDemoWinApp\ToolTipDemoWinApp.csproj", "{7A2CD964-E09A-49E2-9509-D03239E27376}"
EndProject
Global
	GlobalSection(SolutionConfigurationPlatforms) = preSolution
		Debug|Any CPU = Debug|Any CPU
		Release|Any CPU = Release|Any CPU
	EndGlobalSection
	GlobalSection(ProjectConfigurationPlatforms) = postSolution
		{7A2CD964-E09A-49E2-9509-D03239E27376}.Debug|Any CPU.ActiveCfg = Debug|Any CPU
		{7A2CD964-E09A-49E2-9509-D03239E27376}.Debug|Any CPU.Build.0 = Debug|Any CPU
		{7A2CD964-E09A-49E2-9509-D03239E27376}.Release|Any CPU.ActiveCfg = Release|Any CPU
		{7A2CD964-E09A-49E2-9509-D03239E27376}.Release|Any CPU.Build.0 = Release|Any CPU
	EndGlobalSection
	GlobalSection(SolutionProperties) = preSolution
		HideSolutionNode = FALSE
	EndGlobalSection
	GlobalSection(ExtensibilityGlobals) = postSolution
		SolutionGuid = {01E4C7CA-7BDD-4966-BA40-391A42686BEA}
	EndGlobalSection
EndGlobal
