
Microsoft Visual Studio Solution File, Format Version 12.00
# Visual Studio Version 17
VisualStudioVersion = 17.1.32210.238
MinimumVisualStudioVersion = 10.0.40219.1
Project("{FAE04EC0-301F-11D3-BF4B-00C04F79EFBC}") = "PictureBoxDemoWinApp", "PictureBoxDemoWinApp\PictureBoxDemoWinApp.csproj", "{B22E6FA6-FA3D-47F1-8E4E-3E02076B9767}"
EndProject
Global
	GlobalSection(SolutionConfigurationPlatforms) = preSolution
		Debug|Any CPU = Debug|Any CPU
		Release|Any CPU = Release|Any CPU
	EndGlobalSection
	GlobalSection(ProjectConfigurationPlatforms) = postSolution
		{B22E6FA6-FA3D-47F1-8E4E-3E02076B9767}.Debug|Any CPU.ActiveCfg = Debug|Any CPU
		{B22E6FA6-FA3D-47F1-8E4E-3E02076B9767}.Debug|Any CPU.Build.0 = Debug|Any CPU
		{B22E6FA6-FA3D-47F1-8E4E-3E02076B9767}.Release|Any CPU.ActiveCfg = Release|Any CPU
		{B22E6FA6-FA3D-47F1-8E4E-3E02076B9767}.Release|Any CPU.Build.0 = Release|Any CPU
	EndGlobalSection
	GlobalSection(SolutionProperties) = preSolution
		HideSolutionNode = FALSE
	EndGlobalSection
	GlobalSection(ExtensibilityGlobals) = postSolution
		SolutionGuid = {F011E69A-3CD1-4AB6-97E1-0D0B2DE46885}
	EndGlobalSection
EndGlobal
