
Microsoft Visual Studio Solution File, Format Version 12.00
# Visual Studio Version 17
VisualStudioVersion = 17.1.32210.238
MinimumVisualStudioVersion = 10.0.40219.1
Project("{FAE04EC0-301F-11D3-BF4B-00C04F79EFBC}") = "ScrollBarDemoWinApp", "ScrollBarDemoWinApp\ScrollBarDemoWinApp.csproj", "{A73D4B5E-8A9A-43AF-8844-7B7F6234EB95}"
EndProject
Global
	GlobalSection(SolutionConfigurationPlatforms) = preSolution
		Debug|Any CPU = Debug|Any CPU
		Release|Any CPU = Release|Any CPU
	EndGlobalSection
	GlobalSection(ProjectConfigurationPlatforms) = postSolution
		{A73D4B5E-8A9A-43AF-8844-7B7F6234EB95}.Debug|Any CPU.ActiveCfg = Debug|Any CPU
		{A73D4B5E-8A9A-43AF-8844-7B7F6234EB95}.Debug|Any CPU.Build.0 = Debug|Any CPU
		{A73D4B5E-8A9A-43AF-8844-7B7F6234EB95}.Release|Any CPU.ActiveCfg = Release|Any CPU
		{A73D4B5E-8A9A-43AF-8844-7B7F6234EB95}.Release|Any CPU.Build.0 = Release|Any CPU
	EndGlobalSection
	GlobalSection(SolutionProperties) = preSolution
		HideSolutionNode = FALSE
	EndGlobalSection
	GlobalSection(ExtensibilityGlobals) = postSolution
		SolutionGuid = {3EBD30EB-0AD4-4973-AED7-4E303999A76B}
	EndGlobalSection
EndGlobal
