
Microsoft Visual Studio Solution File, Format Version 12.00
# Visual Studio Version 17
VisualStudioVersion = 17.1.32210.238
MinimumVisualStudioVersion = 10.0.40219.1
Project("{FAE04EC0-301F-11D3-BF4B-00C04F79EFBC}") = "StringOperationsWinApp", "StringOperationsWinApp\StringOperationsWinApp.csproj", "{5CE38783-8E09-4760-B043-D53DEEFF2868}"
EndProject
Global
	GlobalSection(SolutionConfigurationPlatforms) = preSolution
		Debug|Any CPU = Debug|Any CPU
		Release|Any CPU = Release|Any CPU
	EndGlobalSection
	GlobalSection(ProjectConfigurationPlatforms) = postSolution
		{5CE38783-8E09-4760-B043-D53DEEFF2868}.Debug|Any CPU.ActiveCfg = Debug|Any CPU
		{5CE38783-8E09-4760-B043-D53DEEFF2868}.Debug|Any CPU.Build.0 = Debug|Any CPU
		{5CE38783-8E09-4760-B043-D53DEEFF2868}.Release|Any CPU.ActiveCfg = Release|Any CPU
		{5CE38783-8E09-4760-B043-D53DEEFF2868}.Release|Any CPU.Build.0 = Release|Any CPU
	EndGlobalSection
	GlobalSection(SolutionProperties) = preSolution
		HideSolutionNode = FALSE
	EndGlobalSection
	GlobalSection(ExtensibilityGlobals) = postSolution
		SolutionGuid = {A7D1C17E-C069-40C1-9C63-C506D2885575}
	EndGlobalSection
EndGlobal
