
Microsoft Visual Studio Solution File, Format Version 12.00
# Visual Studio Version 17
VisualStudioVersion = 17.1.32228.430
MinimumVisualStudioVersion = 10.0.40219.1
Project("{FAE04EC0-301F-11D3-BF4B-00C04F79EFBC}") = "DataTableWinApp", "DataTableWinApp\DataTableWinApp.csproj", "{F355D238-CB9C-473C-8959-BA67B2398DE3}"
EndProject
Global
	GlobalSection(SolutionConfigurationPlatforms) = preSolution
		Debug|Any CPU = Debug|Any CPU
		Release|Any CPU = Release|Any CPU
	EndGlobalSection
	GlobalSection(ProjectConfigurationPlatforms) = postSolution
		{F355D238-CB9C-473C-8959-BA67B2398DE3}.Debug|Any CPU.ActiveCfg = Debug|Any CPU
		{F355D238-CB9C-473C-8959-BA67B2398DE3}.Debug|Any CPU.Build.0 = Debug|Any CPU
		{F355D238-CB9C-473C-8959-BA67B2398DE3}.Release|Any CPU.ActiveCfg = Release|Any CPU
		{F355D238-CB9C-473C-8959-BA67B2398DE3}.Release|Any CPU.Build.0 = Release|Any CPU
	EndGlobalSection
	GlobalSection(SolutionProperties) = preSolution
		HideSolutionNode = FALSE
	EndGlobalSection
	GlobalSection(ExtensibilityGlobals) = postSolution
		SolutionGuid = {71C8178E-FE53-4C42-B43A-2297DB500963}
	EndGlobalSection
EndGlobal
