
Microsoft Visual Studio Solution File, Format Version 12.00
# Visual Studio Version 17
VisualStudioVersion = 17.1.32210.238
MinimumVisualStudioVersion = 10.0.40219.1
Project("{FAE04EC0-301F-11D3-BF4B-00C04F79EFBC}") = "PanelDemoWinApp", "PanelDemoWinApp\PanelDemoWinApp.csproj", "{46327AED-AF88-4F94-AE6D-F15C3CC621B8}"
EndProject
Global
	GlobalSection(SolutionConfigurationPlatforms) = preSolution
		Debug|Any CPU = Debug|Any CPU
		Release|Any CPU = Release|Any CPU
	EndGlobalSection
	GlobalSection(ProjectConfigurationPlatforms) = postSolution
		{46327AED-AF88-4F94-AE6D-F15C3CC621B8}.Debug|Any CPU.ActiveCfg = Debug|Any CPU
		{46327AED-AF88-4F94-AE6D-F15C3CC621B8}.Debug|Any CPU.Build.0 = Debug|Any CPU
		{46327AED-AF88-4F94-AE6D-F15C3CC621B8}.Release|Any CPU.ActiveCfg = Release|Any CPU
		{46327AED-AF88-4F94-AE6D-F15C3CC621B8}.Release|Any CPU.Build.0 = Release|Any CPU
	EndGlobalSection
	GlobalSection(SolutionProperties) = preSolution
		HideSolutionNode = FALSE
	EndGlobalSection
	GlobalSection(ExtensibilityGlobals) = postSolution
		SolutionGuid = {9CAC7A4B-3936-4428-9AF4-4B2EE223DA06}
	EndGlobalSection
EndGlobal
