
Microsoft Visual Studio Solution File, Format Version 12.00
# Visual Studio Version 17
VisualStudioVersion = 17.1.32228.430
MinimumVisualStudioVersion = 10.0.40219.1
Project("{FAE04EC0-301F-11D3-BF4B-00C04F79EFBC}") = "ComboBoxWithPictureBoxDBWinApp", "ComboBoxWithPictureBoxDBWinApp\ComboBoxWithPictureBoxDBWinApp.csproj", "{79711B4A-D8A7-428D-B905-B205A7AD2A54}"
EndProject
Global
	GlobalSection(SolutionConfigurationPlatforms) = preSolution
		Debug|Any CPU = Debug|Any CPU
		Release|Any CPU = Release|Any CPU
	EndGlobalSection
	GlobalSection(ProjectConfigurationPlatforms) = postSolution
		{79711B4A-D8A7-428D-B905-B205A7AD2A54}.Debug|Any CPU.ActiveCfg = Debug|Any CPU
		{79711B4A-D8A7-428D-B905-B205A7AD2A54}.Debug|Any CPU.Build.0 = Debug|Any CPU
		{79711B4A-D8A7-428D-B905-B205A7AD2A54}.Release|Any CPU.ActiveCfg = Release|Any CPU
		{79711B4A-D8A7-428D-B905-B205A7AD2A54}.Release|Any CPU.Build.0 = Release|Any CPU
	EndGlobalSection
	GlobalSection(SolutionProperties) = preSolution
		HideSolutionNode = FALSE
	EndGlobalSection
	GlobalSection(ExtensibilityGlobals) = postSolution
		SolutionGuid = {7C92BE0D-17BF-425E-9405-AA0F5F8AFD06}
	EndGlobalSection
EndGlobal
