
Microsoft Visual Studio Solution File, Format Version 12.00
# Visual Studio Version 17
VisualStudioVersion = 17.1.32210.238
MinimumVisualStudioVersion = 10.0.40219.1
Project("{FAE04EC0-301F-11D3-BF4B-00C04F79EFBC}") = "CheckBoxEnabledDisabledTaskWinApp", "CheckBoxEnabledDisabledTaskWinApp\CheckBoxEnabledDisabledTaskWinApp.csproj", "{B7B2DC76-8B2A-4D3B-A7C2-452A20EEF1DC}"
EndProject
Global
	GlobalSection(SolutionConfigurationPlatforms) = preSolution
		Debug|Any CPU = Debug|Any CPU
		Release|Any CPU = Release|Any CPU
	EndGlobalSection
	GlobalSection(ProjectConfigurationPlatforms) = postSolution
		{B7B2DC76-8B2A-4D3B-A7C2-452A20EEF1DC}.Debug|Any CPU.ActiveCfg = Debug|Any CPU
		{B7B2DC76-8B2A-4D3B-A7C2-452A20EEF1DC}.Debug|Any CPU.Build.0 = Debug|Any CPU
		{B7B2DC76-8B2A-4D3B-A7C2-452A20EEF1DC}.Release|Any CPU.ActiveCfg = Release|Any CPU
		{B7B2DC76-8B2A-4D3B-A7C2-452A20EEF1DC}.Release|Any CPU.Build.0 = Release|Any CPU
	EndGlobalSection
	GlobalSection(SolutionProperties) = preSolution
		HideSolutionNode = FALSE
	EndGlobalSection
	GlobalSection(ExtensibilityGlobals) = postSolution
		SolutionGuid = {A08E8FD3-ED59-4EE8-AD04-0409166319FC}
	EndGlobalSection
EndGlobal
