
Microsoft Visual Studio Solution File, Format Version 12.00
# Visual Studio Version 17
VisualStudioVersion = 17.1.32210.238
MinimumVisualStudioVersion = 10.0.40219.1
Project("{FAE04EC0-301F-11D3-BF4B-00C04F79EFBC}") = "TreeViewDemoWinApp", "TreeViewDemoWinApp\TreeViewDemoWinApp.csproj", "{BC1EE2BD-2947-4A7A-A459-B7613217E8DE}"
EndProject
Global
	GlobalSection(SolutionConfigurationPlatforms) = preSolution
		Debug|Any CPU = Debug|Any CPU
		Release|Any CPU = Release|Any CPU
	EndGlobalSection
	GlobalSection(ProjectConfigurationPlatforms) = postSolution
		{BC1EE2BD-2947-4A7A-A459-B7613217E8DE}.Debug|Any CPU.ActiveCfg = Debug|Any CPU
		{BC1EE2BD-2947-4A7A-A459-B7613217E8DE}.Debug|Any CPU.Build.0 = Debug|Any CPU
		{BC1EE2BD-2947-4A7A-A459-B7613217E8DE}.Release|Any CPU.ActiveCfg = Release|Any CPU
		{BC1EE2BD-2947-4A7A-A459-B7613217E8DE}.Release|Any CPU.Build.0 = Release|Any CPU
	EndGlobalSection
	GlobalSection(SolutionProperties) = preSolution
		HideSolutionNode = FALSE
	EndGlobalSection
	GlobalSection(ExtensibilityGlobals) = postSolution
		SolutionGuid = {6406D186-74A5-449A-A62D-3A16846A3E4E}
	EndGlobalSection
EndGlobal
