
Microsoft Visual Studio Solution File, Format Version 12.00
# Visual Studio Version 17
VisualStudioVersion = 17.1.32328.378
MinimumVisualStudioVersion = 10.0.40219.1
Project("{FAE04EC0-301F-11D3-BF4B-00C04F79EFBC}") = "MyPrecticleTaskWinApp", "MyPrecticleTaskWinApp\MyPrecticleTaskWinApp.csproj", "{B195BA1C-C1BE-4786-9F6E-EB3EB891B1D8}"
EndProject
Global
	GlobalSection(SolutionConfigurationPlatforms) = preSolution
		Debug|Any CPU = Debug|Any CPU
		Release|Any CPU = Release|Any CPU
	EndGlobalSection
	GlobalSection(ProjectConfigurationPlatforms) = postSolution
		{B195BA1C-C1BE-4786-9F6E-EB3EB891B1D8}.Debug|Any CPU.ActiveCfg = Debug|Any CPU
		{B195BA1C-C1BE-4786-9F6E-EB3EB891B1D8}.Debug|Any CPU.Build.0 = Debug|Any CPU
		{B195BA1C-C1BE-4786-9F6E-EB3EB891B1D8}.Release|Any CPU.ActiveCfg = Release|Any CPU
		{B195BA1C-C1BE-4786-9F6E-EB3EB891B1D8}.Release|Any CPU.Build.0 = Release|Any CPU
	EndGlobalSection
	GlobalSection(SolutionProperties) = preSolution
		HideSolutionNode = FALSE
	EndGlobalSection
	GlobalSection(ExtensibilityGlobals) = postSolution
		SolutionGuid = {C7C23DD3-DE7E-4F46-ACD9-E22622562149}
	EndGlobalSection
EndGlobal
